Microsoft Visual Studio Solution File, Format Version 12.00
# Visual Studio Version 17
VisualStudioVersion = 17.5.2.0
MinimumVisualStudioVersion = 10.0.40219.1
Project("{FAE04EC0-301F-11D3-BF4B-00C04F79EFBC}") = "ShopOwnerSimulator", "ShopOwnerSimulator.csproj", "{F6D4FB72-44E5-9A6D-611E-969C0314CD10}"
EndProject
Global
	GlobalSection(SolutionConfigurationPlatforms) = preSolution
		Debug|Any CPU = Debug|Any CPU
		Release|Any CPU = Release|Any CPU
	EndGlobalSection
	GlobalSection(ProjectConfigurationPlatforms) = postSolution
		{F6D4FB72-44E5-9A6D-611E-969C0314CD10}.Debug|Any CPU.ActiveCfg = Debug|Any CPU
		{F6D4FB72-44E5-9A6D-611E-969C0314CD10}.Debug|Any CPU.Build.0 = Debug|Any CPU
		{F6D4FB72-44E5-9A6D-611E-969C0314CD10}.Release|Any CPU.ActiveCfg = Release|Any CPU
		{F6D4FB72-44E5-9A6D-611E-969C0314CD10}.Release|Any CPU.Build.0 = Release|Any CPU
	EndGlobalSection
	GlobalSection(SolutionProperties) = preSolution
		HideSolutionNode = FALSE
	EndGlobalSection
	GlobalSection(ExtensibilityGlobals) = postSolution
		SolutionGuid = {B1B1569F-2C2E-42D4-9BD4-B21C6985EBE4}
	EndGlobalSection
EndGlobal
